// !$*UTF8*$!
{
	archiveVersion = 1;
	classes = {
	};
	objectVersion = 50;
	objects = {

/* Begin PBXBuildFile section */
		533C2B36212BB5A40052CC01 /* AppDelegate.m in Sources */ = {isa = PBXBuildFile; fileRef = 533C2B35212BB5A40052CC01 /* AppDelegate.m */; };
		533C2B39212BB5A40052CC01 /* ViewController.m in Sources */ = {isa = PBXBuildFile; fileRef = 533C2B38212BB5A40052CC01 /* ViewController.m */; };
		533C2B3C212BB5A40052CC01 /* Main.storyboard in Resources */ = {isa = PBXBuildFile; fileRef = 533C2B3A212BB5A40052CC01 /* Main.storyboard */; };
		533C2B3E212BB5A50052CC01 /* Assets.xcassets in Resources */ = {isa = PBXBuildFile; fileRef = 533C2B3D212BB5A50052CC01 /* Assets.xcassets */; };
		533C2B41212BB5A50052CC01 /* LaunchScreen.storyboard in Resources */ = {isa = PBXBuildFile; fileRef = 533C2B3F212BB5A50052CC01 /* LaunchScreen.storyboard */; };
		533C2B44212BB5A50052CC01 /* main.m in Sources */ = {isa = PBXBuildFile; fileRef = 533C2B43212BB5A50052CC01 /* main.m */; };
		533C2B4E212BB5A50052CC01 /* SKKitTests.m in Sources */ = {isa = PBXBuildFile; fileRef = 533C2B4D212BB5A50052CC01 /* SKKitTests.m */; };
		533C2B59212BB5A50052CC01 /* SKKitUITests.m in Sources */ = {isa = PBXBuildFile; fileRef = 533C2B58212BB5A50052CC01 /* SKKitUITests.m */; };
		533C2B89212BB6030052CC01 /* NSObject+aop.m in Sources */ = {isa = PBXBuildFile; fileRef = 533C2B7C212BB6030052CC01 /* NSObject+aop.m */; };
		533C2B8A212BB6030052CC01 /* UITextField+aop.m in Sources */ = {isa = PBXBuildFile; fileRef = 533C2B7E212BB6030052CC01 /* UITextField+aop.m */; };
		533C2B8B212BB6030052CC01 /* NSObject+idTag.m in Sources */ = {isa = PBXBuildFile; fileRef = 533C2B81212BB6030052CC01 /* NSObject+idTag.m */; };
		533C2B8C212BB6030052CC01 /* UIApplication+helper.m in Sources */ = {isa = PBXBuildFile; fileRef = 533C2B83212BB6030052CC01 /* UIApplication+helper.m */; };
		533C2B8D212BB6030052CC01 /* UIView+viewController.m in Sources */ = {isa = PBXBuildFile; fileRef = 533C2B86212BB6030052CC01 /* UIView+viewController.m */; };
/* End PBXBuildFile section */

/* Begin PBXContainerItemProxy section */
		533C2B4A212BB5A50052CC01 /* PBXContainerItemProxy */ = {
			isa = PBXContainerItemProxy;
			containerPortal = 533C2B29212BB5A40052CC01 /* Project object */;
			proxyType = 1;
			remoteGlobalIDString = 533C2B30212BB5A40052CC01;
			remoteInfo = SKKit;
		};
		533C2B55212BB5A50052CC01 /* PBXContainerItemProxy */ = {
			isa = PBXContainerItemProxy;
			containerPortal = 533C2B29212BB5A40052CC01 /* Project object */;
			proxyType = 1;
			remoteGlobalIDString = 533C2B30212BB5A40052CC01;
			remoteInfo = SKKit;
		};
/* End PBXContainerItemProxy section */

/* Begin PBXFileReference section */
		533C2B31212BB5A40052CC01 /* SKKit.app */ = {isa = PBXFileReference; explicitFileType = wrapper.application; includeInIndex = 0; path = SKKit.app; sourceTree = BUILT_PRODUCTS_DIR; };
		533C2B34212BB5A40052CC01 /* AppDelegate.h */ = {isa = PBXFileReference; lastKnownFileType = sourcecode.c.h; path = AppDelegate.h; sourceTree = "<group>"; };
		533C2B35212BB5A40052CC01 /* AppDelegate.m */ = {isa = PBXFileReference; lastKnownFileType = sourcecode.c.objc; path = AppDelegate.m; sourceTree = "<group>"; };
		533C2B37212BB5A40052CC01 /* ViewController.h */ = {isa = PBXFileReference; lastKnownFileType = sourcecode.c.h; path = ViewController.h; sourceTree = "<group>"; };
		533C2B38212BB5A40052CC01 /* ViewController.m */ = {isa = PBXFileReference; lastKnownFileType = sourcecode.c.objc; path = ViewController.m; sourceTree = "<group>"; };
		533C2B3B212BB5A40052CC01 /* Base */ = {isa = PBXFileReference; lastKnownFileType = file.storyboard; name = Base; path = Base.lproj/Main.storyboard; sourceTree = "<group>"; };
		533C2B3D212BB5A50052CC01 /* Assets.xcassets */ = {isa = PBXFileReference; lastKnownFileType = folder.assetcatalog; path = Assets.xcassets; sourceTree = "<group>"; };
		533C2B40212BB5A50052CC01 /* Base */ = {isa = PBXFileReference; lastKnownFileType = file.storyboard; name = Base; path = Base.lproj/LaunchScreen.storyboard; sourceTree = "<group>"; };
		533C2B42212BB5A50052CC01 /* Info.plist */ = {isa = PBXFileReference; lastKnownFileType = text.plist.xml; path = Info.plist; sourceTree = "<group>"; };
		533C2B43212BB5A50052CC01 /* main.m */ = {isa = PBXFileReference; lastKnownFileType = sourcecode.c.objc; path = main.m; sourceTree = "<group>"; };
		533C2B49212BB5A50052CC01 /* SKKitTests.xctest */ = {isa = PBXFileReference; explicitFileType = wrapper.cfbundle; includeInIndex = 0; path = SKKitTests.xctest; sourceTree = BUILT_PRODUCTS_DIR; };
		533C2B4D212BB5A50052CC01 /* SKKitTests.m */ = {isa = PBXFileReference; lastKnownFileType = sourcecode.c.objc; path = SKKitTests.m; sourceTree = "<group>"; };
		533C2B4F212BB5A50052CC01 /* Info.plist */ = {isa = PBXFileReference; lastKnownFileType = text.plist.xml; path = Info.plist; sourceTree = "<group>"; };
		533C2B54212BB5A50052CC01 /* SKKitUITests.xctest */ = {isa = PBXFileReference; explicitFileType = wrapper.cfbundle; includeInIndex = 0; path = SKKitUITests.xctest; sourceTree = BUILT_PRODUCTS_DIR; };
		533C2B58212BB5A50052CC01 /* SKKitUITests.m */ = {isa = PBXFileReference; lastKnownFileType = sourcecode.c.objc; path = SKKitUITests.m; sourceTree = "<group>"; };
		533C2B5A212BB5A50052CC01 /* Info.plist */ = {isa = PBXFileReference; lastKnownFileType = text.plist.xml; path = Info.plist; sourceTree = "<group>"; };
		533C2B7B212BB6030052CC01 /* NSObject+aop.h */ = {isa = PBXFileReference; fileEncoding = 4; lastKnownFileType = sourcecode.c.h; path = "NSObject+aop.h"; sourceTree = "<group>"; };
		533C2B7C212BB6030052CC01 /* NSObject+aop.m */ = {isa = PBXFileReference; fileEncoding = 4; lastKnownFileType = sourcecode.c.objc; path = "NSObject+aop.m"; sourceTree = "<group>"; };
		533C2B7D212BB6030052CC01 /* UITextField+aop.h */ = {isa = PBXFileReference; fileEncoding = 4; lastKnownFileType = sourcecode.c.h; path = "UITextField+aop.h"; sourceTree = "<group>"; };
		533C2B7E212BB6030052CC01 /* UITextField+aop.m */ = {isa = PBXFileReference; fileEncoding = 4; lastKnownFileType = sourcecode.c.objc; path = "UITextField+aop.m"; sourceTree = "<group>"; };
		533C2B80212BB6030052CC01 /* NSObject+idTag.h */ = {isa = PBXFileReference; fileEncoding = 4; lastKnownFileType = sourcecode.c.h; path = "NSObject+idTag.h"; sourceTree = "<group>"; };
		533C2B81212BB6030052CC01 /* NSObject+idTag.m */ = {isa = PBXFileReference; fileEncoding = 4; lastKnownFileType = sourcecode.c.objc; path = "NSObject+idTag.m"; sourceTree = "<group>"; };
		533C2B82212BB6030052CC01 /* UIApplication+helper.h */ = {isa = PBXFileReference; fileEncoding = 4; lastKnownFileType = sourcecode.c.h; path = "UIApplication+helper.h"; sourceTree = "<group>"; };
		533C2B83212BB6030052CC01 /* UIApplication+helper.m */ = {isa = PBXFileReference; fileEncoding = 4; lastKnownFileType = sourcecode.c.objc; path = "UIApplication+helper.m"; sourceTree = "<group>"; };
		533C2B85212BB6030052CC01 /* UIView+viewController.h */ = {isa = PBXFileReference; fileEncoding = 4; lastKnownFileType = sourcecode.c.h; path = "UIView+viewController.h"; sourceTree = "<group>"; };
		533C2B86212BB6030052CC01 /* UIView+viewController.m */ = {isa = PBXFileReference; fileEncoding = 4; lastKnownFileType = sourcecode.c.objc; path = "UIView+viewController.m"; sourceTree = "<group>"; };
		533C2B88212BB6030052CC01 /* Pdcu.h */ = {isa = PBXFileReference; fileEncoding = 4; lastKnownFileType = sourcecode.c.h; path = Pdcu.h; sourceTree = "<group>"; };
		533C2B8E212BEBC80052CC01 /* SKKit.h */ = {isa = PBXFileReference; lastKnownFileType = sourcecode.c.h; path = SKKit.h; sourceTree = "<group>"; };
		533C2B8F212BEBFB0052CC01 /* SKCategory.h */ = {isa = PBXFileReference; lastKnownFileType = sourcecode.c.h; path = SKCategory.h; sourceTree = "<group>"; };
/* End PBXFileReference section */

/* Begin PBXFrameworksBuildPhase section */
		533C2B2E212BB5A40052CC01 /* Frameworks */ = {
			isa = PBXFrameworksBuildPhase;
			buildActionMask = 2147483647;
			files = (
			);
			runOnlyForDeploymentPostprocessing = 0;
		};
		533C2B46212BB5A50052CC01 /* Frameworks */ = {
			isa = PBXFrameworksBuildPhase;
			buildActionMask = 2147483647;
			files = (
			);
			runOnlyForDeploymentPostprocessing = 0;
		};
		533C2B51212BB5A50052CC01 /* Frameworks */ = {
			isa = PBXFrameworksBuildPhase;
			buildActionMask = 2147483647;
			files = (
			);
			runOnlyForDeploymentPostprocessing = 0;
		};
/* End PBXFrameworksBuildPhase section */

/* Begin PBXGroup section */
		533C2B28212BB5A40052CC01 = {
			isa = PBXGroup;
			children = (
				533C2B33212BB5A40052CC01 /* SKKit */,
				533C2B4C212BB5A50052CC01 /* SKKitTests */,
				533C2B57212BB5A50052CC01 /* SKKitUITests */,
				533C2B32212BB5A40052CC01 /* Products */,
			);
			sourceTree = "<group>";
		};
		533C2B32212BB5A40052CC01 /* Products */ = {
			isa = PBXGroup;
			children = (
				533C2B31212BB5A40052CC01 /* SKKit.app */,
				533C2B49212BB5A50052CC01 /* SKKitTests.xctest */,
				533C2B54212BB5A50052CC01 /* SKKitUITests.xctest */,
			);
			name = Products;
			sourceTree = "<group>";
		};
		533C2B33212BB5A40052CC01 /* SKKit */ = {
			isa = PBXGroup;
			children = (
				533C2B78212BB6030052CC01 /* Sources */,
				533C2B34212BB5A40052CC01 /* AppDelegate.h */,
				533C2B35212BB5A40052CC01 /* AppDelegate.m */,
				533C2B37212BB5A40052CC01 /* ViewController.h */,
				533C2B38212BB5A40052CC01 /* ViewController.m */,
				533C2B3A212BB5A40052CC01 /* Main.storyboard */,
				533C2B3D212BB5A50052CC01 /* Assets.xcassets */,
				533C2B3F212BB5A50052CC01 /* LaunchScreen.storyboard */,
				533C2B42212BB5A50052CC01 /* Info.plist */,
				533C2B43212BB5A50052CC01 /* main.m */,
			);
			path = SKKit;
			sourceTree = "<group>";
		};
		533C2B4C212BB5A50052CC01 /* SKKitTests */ = {
			isa = PBXGroup;
			children = (
				533C2B4D212BB5A50052CC01 /* SKKitTests.m */,
				533C2B4F212BB5A50052CC01 /* Info.plist */,
			);
			path = SKKitTests;
			sourceTree = "<group>";
		};
		533C2B57212BB5A50052CC01 /* SKKitUITests */ = {
			isa = PBXGroup;
			children = (
				533C2B58212BB5A50052CC01 /* SKKitUITests.m */,
				533C2B5A212BB5A50052CC01 /* Info.plist */,
			);
			path = SKKitUITests;
			sourceTree = "<group>";
		};
		533C2B78212BB6030052CC01 /* Sources */ = {
			isa = PBXGroup;
			children = (
				533C2B79212BB6030052CC01 /* Category */,
				533C2B87212BB6030052CC01 /* Pdcu */,
				533C2B8E212BEBC80052CC01 /* SKKit.h */,
			);
			path = Sources;
			sourceTree = "<group>";
		};
		533C2B79212BB6030052CC01 /* Category */ = {
			isa = PBXGroup;
			children = (
				533C2B7A212BB6030052CC01 /* aop */,
				533C2B7F212BB6030052CC01 /* Object */,
				533C2B84212BB6030052CC01 /* View */,
				533C2B8F212BEBFB0052CC01 /* SKCategory.h */,
			);
			path = Category;
			sourceTree = "<group>";
		};
		533C2B7A212BB6030052CC01 /* aop */ = {
			isa = PBXGroup;
			children = (
				533C2B7B212BB6030052CC01 /* NSObject+aop.h */,
				533C2B7C212BB6030052CC01 /* NSObject+aop.m */,
				533C2B7D212BB6030052CC01 /* UITextField+aop.h */,
				533C2B7E212BB6030052CC01 /* UITextField+aop.m */,
			);
			path = aop;
			sourceTree = "<group>";
		};
		533C2B7F212BB6030052CC01 /* Object */ = {
			isa = PBXGroup;
			children = (
				533C2B80212BB6030052CC01 /* NSObject+idTag.h */,
				533C2B81212BB6030052CC01 /* NSObject+idTag.m */,
				533C2B82212BB6030052CC01 /* UIApplication+helper.h */,
				533C2B83212BB6030052CC01 /* UIApplication+helper.m */,
			);
			path = Object;
			sourceTree = "<group>";
		};
		533C2B84212BB6030052CC01 /* View */ = {
			isa = PBXGroup;
			children = (
				533C2B85212BB6030052CC01 /* UIView+viewController.h */,
				533C2B86212BB6030052CC01 /* UIView+viewController.m */,
			);
			path = View;
			sourceTree = "<group>";
		};
		533C2B87212BB6030052CC01 /* Pdcu */ = {
			isa = PBXGroup;
			children = (
				533C2B88212BB6030052CC01 /* Pdcu.h */,
			);
			path = Pdcu;
			sourceTree = "<group>";
		};
/* End PBXGroup section */

/* Begin PBXNativeTarget section */
		533C2B30212BB5A40052CC01 /* SKKit */ = {
			isa = PBXNativeTarget;
			buildConfigurationList = 533C2B5D212BB5A50052CC01 /* Build configuration list for PBXNativeTarget "SKKit" */;
			buildPhases = (
				533C2B2D212BB5A40052CC01 /* Sources */,
				533C2B2E212BB5A40052CC01 /* Frameworks */,
				533C2B2F212BB5A40052CC01 /* Resources */,
			);
			buildRules = (
			);
			dependencies = (
			);
			name = SKKit;
			productName = SKKit;
			productReference = 533C2B31212BB5A40052CC01 /* SKKit.app */;
			productType = "com.apple.product-type.application";
		};
		533C2B48212BB5A50052CC01 /* SKKitTests */ = {
			isa = PBXNativeTarget;
			buildConfigurationList = 533C2B60212BB5A50052CC01 /* Build configuration list for PBXNativeTarget "SKKitTests" */;
			buildPhases = (
				533C2B45212BB5A50052CC01 /* Sources */,
				533C2B46212BB5A50052CC01 /* Frameworks */,
				533C2B47212BB5A50052CC01 /* Resources */,
			);
			buildRules = (
			);
			dependencies = (
				533C2B4B212BB5A50052CC01 /* PBXTargetDependency */,
			);
			name = SKKitTests;
			productName = SKKitTests;
			productReference = 533C2B49212BB5A50052CC01 /* SKKitTests.xctest */;
			productType = "com.apple.product-type.bundle.unit-test";
		};
		533C2B53212BB5A50052CC01 /* SKKitUITests */ = {
			isa = PBXNativeTarget;
			buildConfigurationList = 533C2B63212BB5A50052CC01 /* Build configuration list for PBXNativeTarget "SKKitUITests" */;
			buildPhases = (
				533C2B50212BB5A50052CC01 /* Sources */,
				533C2B51212BB5A50052CC01 /* Frameworks */,
				533C2B52212BB5A50052CC01 /* Resources */,
			);
			buildRules = (
			);
			dependencies = (
				533C2B56212BB5A50052CC01 /* PBXTargetDependency */,
			);
			name = SKKitUITests;
			productName = SKKitUITests;
			productReference = 533C2B54212BB5A50052CC01 /* SKKitUITests.xctest */;
			productType = "com.apple.product-type.bundle.ui-testing";
		};
/* End PBXNativeTarget section */

/* Begin PBXProject section */
		533C2B29212BB5A40052CC01 /* Project object */ = {
			isa = PBXProject;
			attributes = {
				LastUpgradeCheck = 0940;
				ORGANIZATIONNAME = sk;
				TargetAttributes = {
					533C2B30212BB5A40052CC01 = {
						CreatedOnToolsVersion = 9.4.1;
					};
					533C2B48212BB5A50052CC01 = {
						CreatedOnToolsVersion = 9.4.1;
						TestTargetID = 533C2B30212BB5A40052CC01;
					};
					533C2B53212BB5A50052CC01 = {
						CreatedOnToolsVersion = 9.4.1;
						TestTargetID = 533C2B30212BB5A40052CC01;
					};
				};
			};
			buildConfigurationList = 533C2B2C212BB5A40052CC01 /* Build configuration list for PBXProject "SKKit" */;
			compatibilityVersion = "Xcode 9.3";
			developmentRegion = en;
			hasScannedForEncodings = 0;
			knownRegions = (
				en,
				Base,
			);
			mainGroup = 533C2B28212BB5A40052CC01;
			productRefGroup = 533C2B32212BB5A40052CC01 /* Products */;
			projectDirPath = "";
			projectRoot = "";
			targets = (
				533C2B30212BB5A40052CC01 /* SKKit */,
				533C2B48212BB5A50052CC01 /* SKKitTests */,
				533C2B53212BB5A50052CC01 /* SKKitUITests */,
			);
		};
/* End PBXProject section */

/* Begin PBXResourcesBuildPhase section */
		533C2B2F212BB5A40052CC01 /* Resources */ = {
			isa = PBXResourcesBuildPhase;
			buildActionMask = 2147483647;
			files = (
				533C2B41212BB5A50052CC01 /* LaunchScreen.storyboard in Resources */,
				533C2B3E212BB5A50052CC01 /* Assets.xcassets in Resources */,
				533C2B3C212BB5A40052CC01 /* Main.storyboard in Resources */,
			);
			runOnlyForDeploymentPostprocessing = 0;
		};
		533C2B47212BB5A50052CC01 /* Resources */ = {
			isa = PBXResourcesBuildPhase;
			buildActionMask = 2147483647;
			files = (
			);
			runOnlyForDeploymentPostprocessing = 0;
		};
		533C2B52212BB5A50052CC01 /* Resources */ = {
			isa = PBXResourcesBuildPhase;
			buildActionMask = 2147483647;
			files = (
			);
			runOnlyForDeploymentPostprocessing = 0;
		};
/* End PBXResourcesBuildPhase section */

/* Begin PBXSourcesBuildPhase section */
		533C2B2D212BB5A40052CC01 /* Sources */ = {
			isa = PBXSourcesBuildPhase;
			buildActionMask = 2147483647;
			files = (
				533C2B8C212BB6030052CC01 /* UIApplication+helper.m in Sources */,
				533C2B89212BB6030052CC01 /* NSObject+aop.m in Sources */,
				533C2B39212BB5A40052CC01 /* ViewController.m in Sources */,
				533C2B8A212BB6030052CC01 /* UITextField+aop.m in Sources */,
				533C2B8B212BB6030052CC01 /* NSObject+idTag.m in Sources */,
				533C2B8D212BB6030052CC01 /* UIView+viewController.m in Sources */,
				533C2B44212BB5A50052CC01 /* main.m in Sources */,
				533C2B36212BB5A40052CC01 /* AppDelegate.m in Sources */,
			);
			runOnlyForDeploymentPostprocessing = 0;
		};
		533C2B45212BB5A50052CC01 /* Sources */ = {
			isa = PBXSourcesBuildPhase;
			buildActionMask = 2147483647;
			files = (
				533C2B4E212BB5A50052CC01 /* SKKitTests.m in Sources */,
			);
			runOnlyForDeploymentPostprocessing = 0;
		};
		533C2B50212BB5A50052CC01 /* Sources */ = {
			isa = PBXSourcesBuildPhase;
			buildActionMask = 2147483647;
			files = (
				533C2B59212BB5A50052CC01 /* SKKitUITests.m in Sources */,
			);
			runOnlyForDeploymentPostprocessing = 0;
		};
/* End PBXSourcesBuildPhase section */

/* Begin PBXTargetDependency section */
		533C2B4B212BB5A50052CC01 /* PBXTargetDependency */ = {
			isa = PBXTargetDependency;
			target = 533C2B30212BB5A40052CC01 /* SKKit */;
			targetProxy = 533C2B4A212BB5A50052CC01 /* PBXContainerItemProxy */;
		};
		533C2B56212BB5A50052CC01 /* PBXTargetDependency */ = {
			isa = PBXTargetDependency;
			target = 533C2B30212BB5A40052CC01 /* SKKit */;
			targetProxy = 533C2B55212BB5A50052CC01 /* PBXContainerItemProxy */;
		};
/* End PBXTargetDependency section */

/* Begin PBXVariantGroup section */
		533C2B3A212BB5A40052CC01 /* Main.storyboard */ = {
			isa = PBXVariantGroup;
			children = (
				533C2B3B212BB5A40052CC01 /* Base */,
			);
			name = Main.storyboard;
			sourceTree = "<group>";
		};
		533C2B3F212BB5A50052CC01 /* LaunchScreen.storyboard */ = {
			isa = PBXVariantGroup;
			children = (
				533C2B40212BB5A50052CC01 /* Base */,
			);
			name = LaunchScreen.storyboard;
			sourceTree = "<group>";
		};
/* End PBXVariantGroup section */

/* Begin XCBuildConfiguration section */
		533C2B5B212BB5A50052CC01 /* Debug */ = {
			isa = XCBuildConfiguration;
			buildSettings = {
				ALWAYS_SEARCH_USER_PATHS = NO;
				CLANG_ANALYZER_NONNULL = YES;
				CLANG_ANALYZER_NUMBER_OBJECT_CONVERSION = YES_AGGRESSIVE;
				CLANG_CXX_LANGUAGE_STANDARD = "gnu++14";
				CLANG_CXX_LIBRARY = "libc++";
				CLANG_ENABLE_MODULES = YES;
				CLANG_ENABLE_OBJC_ARC = YES;
				CLANG_ENABLE_OBJC_WEAK = YES;
				CLANG_WARN_BLOCK_CAPTURE_AUTORELEASING = YES;
				CLANG_WARN_BOOL_CONVERSION = YES;
				CLANG_WARN_COMMA = YES;
				CLANG_WARN_CONSTANT_CONVERSION = YES;
				CLANG_WARN_DEPRECATED_OBJC_IMPLEMENTATIONS = YES;
				CLANG_WARN_DIRECT_OBJC_ISA_USAGE = YES_ERROR;
				CLANG_WARN_DOCUMENTATION_COMMENTS = YES;
				CLANG_WARN_EMPTY_BODY = YES;
				CLANG_WARN_ENUM_CONVERSION = YES;
				CLANG_WARN_INFINITE_RECURSION = YES;
				CLANG_WARN_INT_CONVERSION = YES;
				CLANG_WARN_NON_LITERAL_NULL_CONVERSION = YES;
				CLANG_WARN_OBJC_IMPLICIT_RETAIN_SELF = YES;
				CLANG_WARN_OBJC_LITERAL_CONVERSION = YES;
				CLANG_WARN_OBJC_ROOT_CLASS = YES_ERROR;
				CLANG_WARN_RANGE_LOOP_ANALYSIS = YES;
				CLANG_WARN_STRICT_PROTOTYPES = YES;
				CLANG_WARN_SUSPICIOUS_MOVE = YES;
				CLANG_WARN_UNGUARDED_AVAILABILITY = YES_AGGRESSIVE;
				CLANG_WARN_UNREACHABLE_CODE = YES;
				CLANG_WARN__DUPLICATE_METHOD_MATCH = YES;
				CODE_SIGN_IDENTITY = "iPhone Developer";
				COPY_PHASE_STRIP = NO;
				DEBUG_INFORMATION_FORMAT = dwarf;
				ENABLE_STRICT_OBJC_MSGSEND = YES;
				ENABLE_TESTABILITY = YES;
				GCC_C_LANGUAGE_STANDARD = gnu11;
				GCC_DYNAMIC_NO_PIC = NO;
				GCC_NO_COMMON_BLOCKS = YES;
				GCC_OPTIMIZATION_LEVEL = 0;
				GCC_PREPROCESSOR_DEFINITIONS = (
					"DEBUG=1",
					"$(inherited)",
				);
				GCC_WARN_64_TO_32_BIT_CONVERSION = YES;
				GCC_WARN_ABOUT_RETURN_TYPE = YES_ERROR;
				GCC_WARN_UNDECLARED_SELECTOR = YES;
				GCC_WARN_UNINITIALIZED_AUTOS = YES_AGGRESSIVE;
				GCC_WARN_UNUSED_FUNCTION = YES;
				GCC_WARN_UNUSED_VARIABLE = YES;
				IPHONEOS_DEPLOYMENT_TARGET = 11.4;
				MTL_ENABLE_DEBUG_INFO = YES;
				ONLY_ACTIVE_ARCH = YES;
				SDKROOT = iphoneos;
			};
			name = Debug;
		};
		533C2B5C212BB5A50052CC01 /* Release */ = {
			isa = XCBuildConfiguration;
			buildSettings = {
				ALWAYS_SEARCH_USER_PATHS = NO;
				CLANG_ANALYZER_NONNULL = YES;
				CLANG_ANALYZER_NUMBER_OBJECT_CONVERSION = YES_AGGRESSIVE;
				CLANG_CXX_LANGUAGE_STANDARD = "gnu++14";
				CLANG_CXX_LIBRARY = "libc++";
				CLANG_ENABLE_MODULES = YES;
				CLANG_ENABLE_OBJC_ARC = YES;
				CLANG_ENABLE_OBJC_WEAK = YES;
				CLANG_WARN_BLOCK_CAPTURE_AUTORELEASING = YES;
				CLANG_WARN_BOOL_CONVERSION = YES;
				CLANG_WARN_COMMA = YES;
				CLANG_WARN_CONSTANT_CONVERSION = YES;
				CLANG_WARN_DEPRECATED_OBJC_IMPLEMENTATIONS = YES;
				CLANG_WARN_DIRECT_OBJC_ISA_USAGE = YES_ERROR;
				CLANG_WARN_DOCUMENTATION_COMMENTS = YES;
				CLANG_WARN_EMPTY_BODY = YES;
				CLANG_WARN_ENUM_CONVERSION = YES;
				CLANG_WARN_INFINITE_RECURSION = YES;
				CLANG_WARN_INT_CONVERSION = YES;
				CLANG_WARN_NON_LITERAL_NULL_CONVERSION = YES;
				CLANG_WARN_OBJC_IMPLICIT_RETAIN_SELF = YES;
				CLANG_WARN_OBJC_LITERAL_CONVERSION = YES;
				CLANG_WARN_OBJC_ROOT_CLASS = YES_ERROR;
				CLANG_WARN_RANGE_LOOP_ANALYSIS = YES;
				CLANG_WARN_STRICT_PROTOTYPES = YES;
				CLANG_WARN_SUSPICIOUS_MOVE = YES;
				CLANG_WARN_UNGUARDED_AVAILABILITY = YES_AGGRESSIVE;
				CLANG_WARN_UNREACHABLE_CODE = YES;
				CLANG_WARN__DUPLICATE_METHOD_MATCH = YES;
				CODE_SIGN_IDENTITY = "iPhone Developer";
				COPY_PHASE_STRIP = NO;
				DEBUG_INFORMATION_FORMAT = "dwarf-with-dsym";
				ENABLE_NS_ASSERTIONS = NO;
				ENABLE_STRICT_OBJC_MSGSEND = YES;
				GCC_C_LANGUAGE_STANDARD = gnu11;
				GCC_NO_COMMON_BLOCKS = YES;
				GCC_WARN_64_TO_32_BIT_CONVERSION = YES;
				GCC_WARN_ABOUT_RETURN_TYPE = YES_ERROR;
				GCC_WARN_UNDECLARED_SELECTOR = YES;
				GCC_WARN_UNINITIALIZED_AUTOS = YES_AGGRESSIVE;
				GCC_WARN_UNUSED_FUNCTION = YES;
				GCC_WARN_UNUSED_VARIABLE = YES;
				IPHONEOS_DEPLOYMENT_TARGET = 11.4;
				MTL_ENABLE_DEBUG_INFO = NO;
				SDKROOT = iphoneos;
				VALIDATE_PRODUCT = YES;
			};
			name = Release;
		};
		533C2B5E212BB5A50052CC01 /* Debug */ = {
			isa = XCBuildConfiguration;
			buildSettings = {
				ASSETCATALOG_COMPILER_APPICON_NAME = AppIcon;
				CODE_SIGN_STYLE = Manual;
				DEVELOPMENT_TEAM = "";
				INFOPLIST_FILE = SKKit/Info.plist;
				LD_RUNPATH_SEARCH_PATHS = (
					"$(inherited)",
					"@executable_path/Frameworks",
				);
				PRODUCT_BUNDLE_IDENTIFIER = com.sk.SKKit;
				PRODUCT_NAME = "$(TARGET_NAME)";
				PROVISIONING_PROFILE_SPECIFIER = "";
				TARGETED_DEVICE_FAMILY = "1,2";
			};
			name = Debug;
		};
		533C2B5F212BB5A50052CC01 /* Release */ = {
			isa = XCBuildConfiguration;
			buildSettings = {
				ASSETCATALOG_COMPILER_APPICON_NAME = AppIcon;
				CODE_SIGN_STYLE = Manual;
				DEVELOPMENT_TEAM = "";
				INFOPLIST_FILE = SKKit/Info.plist;
				LD_RUNPATH_SEARCH_PATHS = (
					"$(inherited)",
					"@executable_path/Frameworks",
				);
				PRODUCT_BUNDLE_IDENTIFIER = com.sk.SKKit;
				PRODUCT_NAME = "$(TARGET_NAME)";
				PROVISIONING_PROFILE_SPECIFIER = "";
				TARGETED_DEVICE_FAMILY = "1,2";
			};
			name = Release;
		};
		533C2B61212BB5A50052CC01 /* Debug */ = {
			isa = XCBuildConfiguration;
			buildSettings = {
				BUNDLE_LOADER = "$(TEST_HOST)";
				CODE_SIGN_STYLE = Automatic;
				INFOPLIST_FILE = SKKitTests/Info.plist;
				LD_RUNPATH_SEARCH_PATHS = (
					"$(inherited)",
					"@executable_path/Frameworks",
					"@loader_path/Frameworks",
				);
				PRODUCT_BUNDLE_IDENTIFIER = com.sk.SKKitTests;
				PRODUCT_NAME = "$(TARGET_NAME)";
				TARGETED_DEVICE_FAMILY = "1,2";
				TEST_HOST = "$(BUILT_PRODUCTS_DIR)/SKKit.app/SKKit";
			};
			name = Debug;
		};
		533C2B62212BB5A50052CC01 /* Release */ = {
			isa = XCBuildConfiguration;
			buildSettings = {
				BUNDLE_LOADER = "$(TEST_HOST)";
				CODE_SIGN_STYLE = Automatic;
				INFOPLIST_FILE = SKKitTests/Info.plist;
				LD_RUNPATH_SEARCH_PATHS = (
					"$(inherited)",
					"@executable_path/Frameworks",
					"@loader_path/Frameworks",
				);
				PRODUCT_BUNDLE_IDENTIFIER = com.sk.SKKitTests;
				PRODUCT_NAME = "$(TARGET_NAME)";
				TARGETED_DEVICE_FAMILY = "1,2";
				TEST_HOST = "$(BUILT_PRODUCTS_DIR)/SKKit.app/SKKit";
			};
			name = Release;
		};
		533C2B64212BB5A50052CC01 /* Debug */ = {
			isa = XCBuildConfiguration;
			buildSettings = {
				CODE_SIGN_STYLE = Automatic;
				INFOPLIST_FILE = SKKitUITests/Info.plist;
				LD_RUNPATH_SEARCH_PATHS = (
					"$(inherited)",
					"@executable_path/Frameworks",
					"@loader_path/Frameworks",
				);
				PRODUCT_BUNDLE_IDENTIFIER = com.sk.SKKitUITests;
				PRODUCT_NAME = "$(TARGET_NAME)";
				TARGETED_DEVICE_FAMILY = "1,2";
				TEST_TARGET_NAME = SKKit;
			};
			name = Debug;
		};
		533C2B65212BB5A50052CC01 /* Release */ = {
			isa = XCBuildConfiguration;
			buildSettings = {
				CODE_SIGN_STYLE = Automatic;
				INFOPLIST_FILE = SKKitUITests/Info.plist;
				LD_RUNPATH_SEARCH_PATHS = (
					"$(inherited)",
					"@executable_path/Frameworks",
					"@loader_path/Frameworks",
				);
				PRODUCT_BUNDLE_IDENTIFIER = com.sk.SKKitUITests;
				PRODUCT_NAME = "$(TARGET_NAME)";
				TARGETED_DEVICE_FAMILY = "1,2";
				TEST_TARGET_NAME = SKKit;
			};
			name = Release;
		};
/* End XCBuildConfiguration section */

/* Begin XCConfigurationList section */
		533C2B2C212BB5A40052CC01 /* Build configuration list for PBXProject "SKKit" */ = {
			isa = XCConfigurationList;
			buildConfigurations = (
				533C2B5B212BB5A50052CC01 /* Debug */,
				533C2B5C212BB5A50052CC01 /* Release */,
			);
			defaultConfigurationIsVisible = 0;
			defaultConfigurationName = Release;
		};
		533C2B5D212BB5A50052CC01 /* Build configuration list for PBXNativeTarget "SKKit" */ = {
			isa = XCConfigurationList;
			buildConfigurations = (
				533C2B5E212BB5A50052CC01 /* Debug */,
				533C2B5F212BB5A50052CC01 /* Release */,
			);
			defaultConfigurationIsVisible = 0;
			defaultConfigurationName = Release;
		};
		533C2B60212BB5A50052CC01 /* Build configuration list for PBXNativeTarget "SKKitTests" */ = {
			isa = XCConfigurationList;
			buildConfigurations = (
				533C2B61212BB5A50052CC01 /* Debug */,
				533C2B62212BB5A50052CC01 /* Release */,
			);
			defaultConfigurationIsVisible = 0;
			defaultConfigurationName = Release;
		};
		533C2B63212BB5A50052CC01 /* Build configuration list for PBXNativeTarget "SKKitUITests" */ = {
			isa = XCConfigurationList;
			buildConfigurations = (
				533C2B64212BB5A50052CC01 /* Debug */,
				533C2B65212BB5A50052CC01 /* Release */,
			);
			defaultConfigurationIsVisible = 0;
			defaultConfigurationName = Release;
		};
/* End XCConfigurationList section */
	};
	rootObject = 533C2B29212BB5A40052CC01 /* Project object */;
}
